
Microsoft Visual Studio Solution File, Format Version 12.00
# Visual Studio 15
VisualStudioVersion = 15.0.26124.0
MinimumVisualStudioVersion = 15.0.26124.0
Project("{FAE04EC0-301F-11D3-BF4B-00C04F79EFBC}") = "Dinglo.Api", "Dinglo.Api\Dinglo.Api.csproj", "{CBA267D0-6C62-4842-B81A-E6554EEA7B1A}"
EndProject
Project("{FAE04EC0-301F-11D3-BF4B-00C04F79EFBC}") = "Dinglo.Domain", "Dinglo.Domain\Dinglo.Domain.csproj", "{961201AF-CEC4-4DA2-9C52-FB0BEF27E58C}"
EndProject
Project("{FAE04EC0-301F-11D3-BF4B-00C04F79EFBC}") = "Dinglo.Infra", "Dinglo.Infra\Dinglo.Infra.csproj", "{CADD2E63-F2F6-4602-A4D8-10743FA8CB20}"
EndProject
Global
	GlobalSection(SolutionConfigurationPlatforms) = preSolution
		Debug|Any CPU = Debug|Any CPU
		Debug|x64 = Debug|x64
		Debug|x86 = Debug|x86
		Release|Any CPU = Release|Any CPU
		Release|x64 = Release|x64
		Release|x86 = Release|x86
	EndGlobalSection
	GlobalSection(SolutionProperties) = preSolution
		HideSolutionNode = FALSE
	EndGlobalSection
	GlobalSection(ProjectConfigurationPlatforms) = postSolution
		{CBA267D0-6C62-4842-B81A-E6554EEA7B1A}.Debug|Any CPU.ActiveCfg = Debug|Any CPU
		{CBA267D0-6C62-4842-B81A-E6554EEA7B1A}.Debug|Any CPU.Build.0 = Debug|Any CPU
		{CBA267D0-6C62-4842-B81A-E6554EEA7B1A}.Debug|x64.ActiveCfg = Debug|Any CPU
		{CBA267D0-6C62-4842-B81A-E6554EEA7B1A}.Debug|x64.Build.0 = Debug|Any CPU
		{CBA267D0-6C62-4842-B81A-E6554EEA7B1A}.Debug|x86.ActiveCfg = Debug|Any CPU
		{CBA267D0-6C62-4842-B81A-E6554EEA7B1A}.Debug|x86.Build.0 = Debug|Any CPU
		{CBA267D0-6C62-4842-B81A-E6554EEA7B1A}.Release|Any CPU.ActiveCfg = Release|Any CPU
		{CBA267D0-6C62-4842-B81A-E6554EEA7B1A}.Release|Any CPU.Build.0 = Release|Any CPU
		{CBA267D0-6C62-4842-B81A-E6554EEA7B1A}.Release|x64.ActiveCfg = Release|Any CPU
		{CBA267D0-6C62-4842-B81A-E6554EEA7B1A}.Release|x64.Build.0 = Release|Any CPU
		{CBA267D0-6C62-4842-B81A-E6554EEA7B1A}.Release|x86.ActiveCfg = Release|Any CPU
		{CBA267D0-6C62-4842-B81A-E6554EEA7B1A}.Release|x86.Build.0 = Release|Any CPU
		{961201AF-CEC4-4DA2-9C52-FB0BEF27E58C}.Debug|Any CPU.ActiveCfg = Debug|Any CPU
		{961201AF-CEC4-4DA2-9C52-FB0BEF27E58C}.Debug|Any CPU.Build.0 = Debug|Any CPU
		{961201AF-CEC4-4DA2-9C52-FB0BEF27E58C}.Debug|x64.ActiveCfg = Debug|Any CPU
		{961201AF-CEC4-4DA2-9C52-FB0BEF27E58C}.Debug|x64.Build.0 = Debug|Any CPU
		{961201AF-CEC4-4DA2-9C52-FB0BEF27E58C}.Debug|x86.ActiveCfg = Debug|Any CPU
		{961201AF-CEC4-4DA2-9C52-FB0BEF27E58C}.Debug|x86.Build.0 = Debug|Any CPU
		{961201AF-CEC4-4DA2-9C52-FB0BEF27E58C}.Release|Any CPU.ActiveCfg = Release|Any CPU
		{961201AF-CEC4-4DA2-9C52-FB0BEF27E58C}.Release|Any CPU.Build.0 = Release|Any CPU
		{961201AF-CEC4-4DA2-9C52-FB0BEF27E58C}.Release|x64.ActiveCfg = Release|Any CPU
		{961201AF-CEC4-4DA2-9C52-FB0BEF27E58C}.Release|x64.Build.0 = Release|Any CPU
		{961201AF-CEC4-4DA2-9C52-FB0BEF27E58C}.Release|x86.ActiveCfg = Release|Any CPU
		{961201AF-CEC4-4DA2-9C52-FB0BEF27E58C}.Release|x86.Build.0 = Release|Any CPU
		{CADD2E63-F2F6-4602-A4D8-10743FA8CB20}.Debug|Any CPU.ActiveCfg = Debug|Any CPU
		{CADD2E63-F2F6-4602-A4D8-10743FA8CB20}.Debug|Any CPU.Build.0 = Debug|Any CPU
		{CADD2E63-F2F6-4602-A4D8-10743FA8CB20}.Debug|x64.ActiveCfg = Debug|Any CPU
		{CADD2E63-F2F6-4602-A4D8-10743FA8CB20}.Debug|x64.Build.0 = Debug|Any CPU
		{CADD2E63-F2F6-4602-A4D8-10743FA8CB20}.Debug|x86.ActiveCfg = Debug|Any CPU
		{CADD2E63-F2F6-4602-A4D8-10743FA8CB20}.Debug|x86.Build.0 = Debug|Any CPU
		{CADD2E63-F2F6-4602-A4D8-10743FA8CB20}.Release|Any CPU.ActiveCfg = Release|Any CPU
		{CADD2E63-F2F6-4602-A4D8-10743FA8CB20}.Release|Any CPU.Build.0 = Release|Any CPU
		{CADD2E63-F2F6-4602-A4D8-10743FA8CB20}.Release|x64.ActiveCfg = Release|Any CPU
		{CADD2E63-F2F6-4602-A4D8-10743FA8CB20}.Release|x64.Build.0 = Release|Any CPU
		{CADD2E63-F2F6-4602-A4D8-10743FA8CB20}.Release|x86.ActiveCfg = Release|Any CPU
		{CADD2E63-F2F6-4602-A4D8-10743FA8CB20}.Release|x86.Build.0 = Release|Any CPU
	EndGlobalSection
EndGlobal
